
Microsoft Visual Studio Solution File, Format Version 12.00
# Visual Studio Version 16
VisualStudioVersion = 16.0.29102.190
MinimumVisualStudioVersion = 10.0.40219.1
Project("{9A19103F-16F7-4668-BE54-9A1E7A4F7556}") = "CodeInspect", "CodeInspect\CodeInspect.csproj", "{3C5875AE-B3BF-4FDC-B7B6-1C98CB872D52}"
EndProject
Project("{9A19103F-16F7-4668-BE54-9A1E7A4F7556}") = "CodeInspect.TestProject", "CodeInspect.TestProject\CodeInspect.TestProject.csproj", "{0EE6AC82-512B-4D47-9116-60F84A8287DF}"
EndProject
Project("{2150E333-8FDC-42A3-9474-1A3956D46DE8}") = "Tests", "Tests", "{5EF05B2A-DA9D-4DC2-8467-3BE5EA72702A}"
EndProject
Project("{9A19103F-16F7-4668-BE54-9A1E7A4F7556}") = "CodeInspect.TestProject.Tests", "Tests\CodeInspect.TestProject.Tests\CodeInspect.TestProject.Tests.csproj", "{0C628D55-7D64-4AB7-B51F-4911A91E657E}"
EndProject
Project("{FAE04EC0-301F-11D3-BF4B-00C04F79EFBC}") = "CodeInspect.Tests", "Tests\CodeInspect.Tests\CodeInspect.Tests.csproj", "{B828AD1F-8877-427E-8661-8A912831A385}"
EndProject
Global
	GlobalSection(SolutionConfigurationPlatforms) = preSolution
		Debug|Any CPU = Debug|Any CPU
		Release|Any CPU = Release|Any CPU
	EndGlobalSection
	GlobalSection(ProjectConfigurationPlatforms) = postSolution
		{3C5875AE-B3BF-4FDC-B7B6-1C98CB872D52}.Debug|Any CPU.ActiveCfg = Debug|Any CPU
		{3C5875AE-B3BF-4FDC-B7B6-1C98CB872D52}.Debug|Any CPU.Build.0 = Debug|Any CPU
		{3C5875AE-B3BF-4FDC-B7B6-1C98CB872D52}.Release|Any CPU.ActiveCfg = Release|Any CPU
		{3C5875AE-B3BF-4FDC-B7B6-1C98CB872D52}.Release|Any CPU.Build.0 = Release|Any CPU
		{0EE6AC82-512B-4D47-9116-60F84A8287DF}.Debug|Any CPU.ActiveCfg = Debug|Any CPU
		{0EE6AC82-512B-4D47-9116-60F84A8287DF}.Debug|Any CPU.Build.0 = Debug|Any CPU
		{0EE6AC82-512B-4D47-9116-60F84A8287DF}.Release|Any CPU.ActiveCfg = Release|Any CPU
		{0EE6AC82-512B-4D47-9116-60F84A8287DF}.Release|Any CPU.Build.0 = Release|Any CPU
		{0C628D55-7D64-4AB7-B51F-4911A91E657E}.Debug|Any CPU.ActiveCfg = Debug|Any CPU
		{0C628D55-7D64-4AB7-B51F-4911A91E657E}.Debug|Any CPU.Build.0 = Debug|Any CPU
		{0C628D55-7D64-4AB7-B51F-4911A91E657E}.Release|Any CPU.ActiveCfg = Release|Any CPU
		{0C628D55-7D64-4AB7-B51F-4911A91E657E}.Release|Any CPU.Build.0 = Release|Any CPU
		{B828AD1F-8877-427E-8661-8A912831A385}.Debug|Any CPU.ActiveCfg = Debug|Any CPU
		{B828AD1F-8877-427E-8661-8A912831A385}.Debug|Any CPU.Build.0 = Debug|Any CPU
		{B828AD1F-8877-427E-8661-8A912831A385}.Release|Any CPU.ActiveCfg = Release|Any CPU
		{B828AD1F-8877-427E-8661-8A912831A385}.Release|Any CPU.Build.0 = Release|Any CPU
	EndGlobalSection
	GlobalSection(SolutionProperties) = preSolution
		HideSolutionNode = FALSE
	EndGlobalSection
	GlobalSection(NestedProjects) = preSolution
		{0C628D55-7D64-4AB7-B51F-4911A91E657E} = {5EF05B2A-DA9D-4DC2-8467-3BE5EA72702A}
		{B828AD1F-8877-427E-8661-8A912831A385} = {5EF05B2A-DA9D-4DC2-8467-3BE5EA72702A}
	EndGlobalSection
	GlobalSection(ExtensibilityGlobals) = postSolution
		SolutionGuid = {CEC89055-D4E0-4FC7-AF01-C97CB64AA66B}
	EndGlobalSection
EndGlobal
